
Microsoft Visual Studio Solution File, Format Version 12.00
# Visual Studio 15
VisualStudioVersion = 15.0.33403.129
MinimumVisualStudioVersion = 10.0.40219.1
Project("{8BC9CEB8-8B4A-11D0-8D11-00A0C91BC942}") = "入门第一课", "入门第一课\入门第一课.vcxproj", "{0387B754-7914-4670-A617-EED739898AAC}"
EndProject
Global
	GlobalSection(SolutionConfigurationPlatforms) = preSolution
		Debug|x64 = Debug|x64
		Debug|x86 = Debug|x86
		Release|x64 = Release|x64
		Release|x86 = Release|x86
	EndGlobalSection
	GlobalSection(ProjectConfigurationPlatforms) = postSolution
		{0387B754-7914-4670-A617-EED739898AAC}.Debug|x64.ActiveCfg = Debug|x64
		{0387B754-7914-4670-A617-EED739898AAC}.Debug|x64.Build.0 = Debug|x64
		{0387B754-7914-4670-A617-EED739898AAC}.Debug|x86.ActiveCfg = Debug|Win32
		{0387B754-7914-4670-A617-EED739898AAC}.Debug|x86.Build.0 = Debug|Win32
		{0387B754-7914-4670-A617-EED739898AAC}.Release|x64.ActiveCfg = Release|x64
		{0387B754-7914-4670-A617-EED739898AAC}.Release|x64.Build.0 = Release|x64
		{0387B754-7914-4670-A617-EED739898AAC}.Release|x86.ActiveCfg = Release|Win32
		{0387B754-7914-4670-A617-EED739898AAC}.Release|x86.Build.0 = Release|Win32
	EndGlobalSection
	GlobalSection(SolutionProperties) = preSolution
		HideSolutionNode = FALSE
	EndGlobalSection
	GlobalSection(ExtensibilityGlobals) = postSolution
		SolutionGuid = {0655CAF7-84A7-4BA6-9D31-AAE73199BCF7}
	EndGlobalSection
EndGlobal
